
Microsoft Visual Studio Solution File, Format Version 12.00
# Visual Studio Version 16
VisualStudioVersion = 16.0.30011.22
MinimumVisualStudioVersion = 10.0.40219.1
Project("{FAE04EC0-301F-11D3-BF4B-00C04F79EFBC}") = "ApiRuleta", "ApiRuleta.csproj", "{561A3129-D92C-44F8-845D-0AF93EBF7549}"
EndProject
Project("{FAE04EC0-301F-11D3-BF4B-00C04F79EFBC}") = "ApiRuleta.Core", "..\ApiRuleta.Core\ApiRuleta.Core.csproj", "{D2D24F98-50DE-473C-AAFB-36A1969A504C}"
EndProject
Project("{FAE04EC0-301F-11D3-BF4B-00C04F79EFBC}") = "ApiRuleta.Infraestructure", "..\ApiRuleta.Infraestructure\ApiRuleta.Infraestructure.csproj", "{DFE2907A-50CD-4FEF-8517-2B7725878DE9}"
EndProject
Global
	GlobalSection(SolutionConfigurationPlatforms) = preSolution
		Debug|Any CPU = Debug|Any CPU
		Release|Any CPU = Release|Any CPU
	EndGlobalSection
	GlobalSection(ProjectConfigurationPlatforms) = postSolution
		{561A3129-D92C-44F8-845D-0AF93EBF7549}.Debug|Any CPU.ActiveCfg = Debug|Any CPU
		{561A3129-D92C-44F8-845D-0AF93EBF7549}.Debug|Any CPU.Build.0 = Debug|Any CPU
		{561A3129-D92C-44F8-845D-0AF93EBF7549}.Release|Any CPU.ActiveCfg = Release|Any CPU
		{561A3129-D92C-44F8-845D-0AF93EBF7549}.Release|Any CPU.Build.0 = Release|Any CPU
		{D2D24F98-50DE-473C-AAFB-36A1969A504C}.Debug|Any CPU.ActiveCfg = Debug|Any CPU
		{D2D24F98-50DE-473C-AAFB-36A1969A504C}.Debug|Any CPU.Build.0 = Debug|Any CPU
		{D2D24F98-50DE-473C-AAFB-36A1969A504C}.Release|Any CPU.ActiveCfg = Release|Any CPU
		{D2D24F98-50DE-473C-AAFB-36A1969A504C}.Release|Any CPU.Build.0 = Release|Any CPU
		{DFE2907A-50CD-4FEF-8517-2B7725878DE9}.Debug|Any CPU.ActiveCfg = Debug|Any CPU
		{DFE2907A-50CD-4FEF-8517-2B7725878DE9}.Debug|Any CPU.Build.0 = Debug|Any CPU
		{DFE2907A-50CD-4FEF-8517-2B7725878DE9}.Release|Any CPU.ActiveCfg = Release|Any CPU
		{DFE2907A-50CD-4FEF-8517-2B7725878DE9}.Release|Any CPU.Build.0 = Release|Any CPU
	EndGlobalSection
	GlobalSection(SolutionProperties) = preSolution
		HideSolutionNode = FALSE
	EndGlobalSection
	GlobalSection(ExtensibilityGlobals) = postSolution
		SolutionGuid = {5C1FE866-92B6-4A33-97DA-E2A294FFE7EF}
	EndGlobalSection
EndGlobal
